// !$*UTF8*$!
{
	archiveVersion = 1;
	classes = {
	};
	objectVersion = 46;
	objects = {

/* Begin PBXBuildFile section */
		E0897FCB1CF0625E00D3DDC8 /* AppDelegate.swift in Sources */ = {isa = PBXBuildFile; fileRef = E0897FCA1CF0625E00D3DDC8 /* AppDelegate.swift */; };
		E0897FCD1CF0625E00D3DDC8 /* ViewController.swift in Sources */ = {isa = PBXBuildFile; fileRef = E0897FCC1CF0625E00D3DDC8 /* ViewController.swift */; };
		E0897FD01CF0625E00D3DDC8 /* Main.storyboard in Resources */ = {isa = PBXBuildFile; fileRef = E0897FCE1CF0625E00D3DDC8 /* Main.storyboard */; };
		E0897FD21CF0625E00D3DDC8 /* Assets.xcassets in Resources */ = {isa = PBXBuildFile; fileRef = E0897FD11CF0625E00D3DDC8 /* Assets.xcassets */; };
		E0897FD51CF0625E00D3DDC8 /* LaunchScreen.storyboard in Resources */ = {isa = PBXBuildFile; fileRef = E0897FD31CF0625E00D3DDC8 /* LaunchScreen.storyboard */; };
/* End PBXBuildFile section */

/* Begin PBXFileReference section */
		E0897FC71CF0625D00D3DDC8 /* TipCalculator.app */ = {isa = PBXFileReference; explicitFileType = wrapper.application; includeInIndex = 0; path = TipCalculator.app; sourceTree = BUILT_PRODUCTS_DIR; };
		E0897FCA1CF0625E00D3DDC8 /* AppDelegate.swift */ = {isa = PBXFileReference; lastKnownFileType = sourcecode.swift; path = AppDelegate.swift; sourceTree = "<group>"; };
		E0897FCC1CF0625E00D3DDC8 /* ViewController.swift */ = {isa = PBXFileReference; lastKnownFileType = sourcecode.swift; path = ViewController.swift; sourceTree = "<group>"; };
		E0897FCF1CF0625E00D3DDC8 /* Base */ = {isa = PBXFileReference; lastKnownFileType = file.storyboard; name = Base; path = Base.lproj/Main.storyboard; sourceTree = "<group>"; };
		E0897FD11CF0625E00D3DDC8 /* Assets.xcassets */ = {isa = PBXFileReference; lastKnownFileType = folder.assetcatalog; path = Assets.xcassets; sourceTree = "<group>"; };
		E0897FD41CF0625E00D3DDC8 /* Base */ = {isa = PBXFileReference; lastKnownFileType = file.storyboard; name = Base; path = Base.lproj/LaunchScreen.storyboard; sourceTree = "<group>"; };
		E0897FD61CF0625E00D3DDC8 /* Info.plist */ = {isa = PBXFileReference; lastKnownFileType = text.plist.xml; path = Info.plist; sourceTree = "<group>"; };
/* End PBXFileReference section */

/* Begin PBXFrameworksBuildPhase section */
		E0897FC41CF0625D00D3DDC8 /* Frameworks */ = {
			isa = PBXFrameworksBuildPhase;
			buildActionMask = 2147483647;
			files = (
			);
			runOnlyForDeploymentPostprocessing = 0;
		};
/* End PBXFrameworksBuildPhase section */

/* Begin PBXGroup section */
		E0897FBE1CF0625D00D3DDC8 = {
			isa = PBXGroup;
			children = (
				E0897FC91CF0625D00D3DDC8 /* TipCalculator */,
				E0897FC81CF0625D00D3DDC8 /* Products */,
			);
			sourceTree = "<group>";
		};
		E0897FC81CF0625D00D3DDC8 /* Products */ = {
			isa = PBXGroup;
			children = (
				E0897FC71CF0625D00D3DDC8 /* TipCalculator.app */,
			);
			name = Products;
			sourceTree = "<group>";
		};
		E0897FC91CF0625D00D3DDC8 /* TipCalculator */ = {
			isa = PBXGroup;
			children = (
				E0897FCA1CF0625E00D3DDC8 /* AppDelegate.swift */,
				E0897FCC1CF0625E00D3DDC8 /* ViewController.swift */,
				E0897FCE1CF0625E00D3DDC8 /* Main.storyboard */,
				E0897FD11CF0625E00D3DDC8 /* Assets.xcassets */,
				E0897FD31CF0625E00D3DDC8 /* LaunchScreen.storyboard */,
				E0897FD61CF0625E00D3DDC8 /* Info.plist */,
			);
			path = TipCalculator;
			sourceTree = "<group>";
		};
/* End PBXGroup section */

/* Begin PBXNativeTarget section */
		E0897FC61CF0625D00D3DDC8 /* TipCalculator */ = {
			isa = PBXNativeTarget;
			buildConfigurationList = E0897FD91CF0625E00D3DDC8 /* Build configuration list for PBXNativeTarget "TipCalculator" */;
			buildPhases = (
				E0897FC31CF0625D00D3DDC8 /* Sources */,
				E0897FC41CF0625D00D3DDC8 /* Frameworks */,
				E0897FC51CF0625D00D3DDC8 /* Resources */,
			);
			buildRules = (
			);
			dependencies = (
			);
			name = TipCalculator;
			productName = TipCalculator;
			productReference = E0897FC71CF0625D00D3DDC8 /* TipCalculator.app */;
			productType = "com.apple.product-type.application";
		};
/* End PBXNativeTarget section */

/* Begin PBXProject section */
		E0897FBF1CF0625D00D3DDC8 /* Project object */ = {
			isa = PBXProject;
			attributes = {
				LastSwiftUpdateCheck = 0730;
				LastUpgradeCheck = 0730;
				ORGANIZATIONNAME = "Lam Tran";
				TargetAttributes = {
					E0897FC61CF0625D00D3DDC8 = {
						CreatedOnToolsVersion = 7.3.1;
						DevelopmentTeam = QB893KF7QL;
					};
				};
			};
			buildConfigurationList = E0897FC21CF0625D00D3DDC8 /* Build configuration list for PBXProject "TipCalculator" */;
			compatibilityVersion = "Xcode 3.2";
			developmentRegion = English;
			hasScannedForEncodings = 0;
			knownRegions = (
				en,
				Base,
			);
			mainGroup = E0897FBE1CF0625D00D3DDC8;
			productRefGroup = E0897FC81CF0625D00D3DDC8 /* Products */;
			projectDirPath = "";
			projectRoot = "";
			targets = (
				E0897FC61CF0625D00D3DDC8 /* TipCalculator */,
			);
		};
/* End PBXProject section */

/* Begin PBXResourcesBuildPhase section */
		E0897FC51CF0625D00D3DDC8 /* Resources */ = {
			isa = PBXResourcesBuildPhase;
			buildActionMask = 2147483647;
			files = (
				E0897FD51CF0625E00D3DDC8 /* LaunchScreen.storyboard in Resources */,
				E0897FD21CF0625E00D3DDC8 /* Assets.xcassets in Resources */,
				E0897FD01CF0625E00D3DDC8 /* Main.storyboard in Resources */,
			);
			runOnlyForDeploymentPostprocessing = 0;
		};
/* End PBXResourcesBuildPhase section */

/* Begin PBXSourcesBuildPhase section */
		E0897FC31CF0625D00D3DDC8 /* Sources */ = {
			isa = PBXSourcesBuildPhase;
			buildActionMask = 2147483647;
			files = (
				E0897FCD1CF0625E00D3DDC8 /* ViewController.swift in Sources */,
				E0897FCB1CF0625E00D3DDC8 /* AppDelegate.swift in Sources */,
			);
			runOnlyForDeploymentPostprocessing = 0;
		};
/* End PBXSourcesBuildPhase section */

/* Begin PBXVariantGroup section */
		E0897FCE1CF0625E00D3DDC8 /* Main.storyboard */ = {
			isa = PBXVariantGroup;
			children = (
				E0897FCF1CF0625E00D3DDC8 /* Base */,
			);
			name = Main.storyboard;
			sourceTree = "<group>";
		};
		E0897FD31CF0625E00D3DDC8 /* LaunchScreen.storyboard */ = {
			isa = PBXVariantGroup;
			children = (
				E0897FD41CF0625E00D3DDC8 /* Base */,
			);
			name = LaunchScreen.storyboard;
			sourceTree = "<group>";
		};
/* End PBXVariantGroup section */

/* Begin XCBuildConfiguration section */
		E0897FD71CF0625E00D3DDC8 /* Debug */ = {
			isa = XCBuildConfiguration;
			buildSettings = {
				ALWAYS_SEARCH_USER_PATHS = NO;
				CLANG_ANALYZER_NONNULL = YES;
				CLANG_CXX_LANGUAGE_STANDARD = "gnu++0x";
				CLANG_CXX_LIBRARY = "libc++";
				CLANG_ENABLE_MODULES = YES;
				CLANG_ENABLE_OBJC_ARC = YES;
				CLANG_WARN_BOOL_CONVERSION = YES;
				CLANG_WARN_CONSTANT_CONVERSION = YES;
				CLANG_WARN_DIRECT_OBJC_ISA_USAGE = YES_ERROR;
				CLANG_WARN_EMPTY_BODY = YES;
				CLANG_WARN_ENUM_CONVERSION = YES;
				CLANG_WARN_INT_CONVERSION = YES;
				CLANG_WARN_OBJC_ROOT_CLASS = YES_ERROR;
				CLANG_WARN_UNREACHABLE_CODE = YES;
				CLANG_WARN__DUPLICATE_METHOD_MATCH = YES;
				"CODE_SIGN_IDENTITY[sdk=iphoneos*]" = "iPhone Developer";
				COPY_PHASE_STRIP = NO;
				DEBUG_INFORMATION_FORMAT = dwarf;
				ENABLE_STRICT_OBJC_MSGSEND = YES;
				ENABLE_TESTABILITY = YES;
				GCC_C_LANGUAGE_STANDARD = gnu99;
				GCC_DYNAMIC_NO_PIC = NO;
				GCC_NO_COMMON_BLOCKS = YES;
				GCC_OPTIMIZATION_LEVEL = 0;
				GCC_PREPROCESSOR_DEFINITIONS = (
					"DEBUG=1",
					"$(inherited)",
				);
				GCC_WARN_64_TO_32_BIT_CONVERSION = YES;
				GCC_WARN_ABOUT_RETURN_TYPE = YES_ERROR;
				GCC_WARN_UNDECLARED_SELECTOR = YES;
				GCC_WARN_UNINITIALIZED_AUTOS = YES_AGGRESSIVE;
				GCC_WARN_UNUSED_FUNCTION = YES;
				GCC_WARN_UNUSED_VARIABLE = YES;
				IPHONEOS_DEPLOYMENT_TARGET = 9.3;
				MTL_ENABLE_DEBUG_INFO = YES;
				ONLY_ACTIVE_ARCH = YES;
				SDKROOT = iphoneos;
				SWIFT_OPTIMIZATION_LEVEL = "-Onone";
			};
			name = Debug;
		};
		E0897FD81CF0625E00D3DDC8 /* Release */ = {
			isa = XCBuildConfiguration;
			buildSettings = {
				ALWAYS_SEARCH_USER_PATHS = NO;
				CLANG_ANALYZER_NONNULL = YES;
				CLANG_CXX_LANGUAGE_STANDARD = "gnu++0x";
				CLANG_CXX_LIBRARY = "libc++";
				CLANG_ENABLE_MODULES = YES;
				CLANG_ENABLE_OBJC_ARC = YES;
				CLANG_WARN_BOOL_CONVERSION = YES;
				CLANG_WARN_CONSTANT_CONVERSION = YES;
				CLANG_WARN_DIRECT_OBJC_ISA_USAGE = YES_ERROR;
				CLANG_WARN_EMPTY_BODY = YES;
				CLANG_WARN_ENUM_CONVERSION = YES;
				CLANG_WARN_INT_CONVERSION = YES;
				CLANG_WARN_OBJC_ROOT_CLASS = YES_ERROR;
				CLANG_WARN_UNREACHABLE_CODE = YES;
				CLANG_WARN__DUPLICATE_METHOD_MATCH = YES;
				"CODE_SIGN_IDENTITY[sdk=iphoneos*]" = "iPhone Developer";
				COPY_PHASE_STRIP = NO;
				DEBUG_INFORMATION_FORMAT = "dwarf-with-dsym";
				ENABLE_NS_ASSERTIONS = NO;
				ENABLE_STRICT_OBJC_MSGSEND = YES;
				GCC_C_LANGUAGE_STANDARD = gnu99;
				GCC_NO_COMMON_BLOCKS = YES;
				GCC_WARN_64_TO_32_BIT_CONVERSION = YES;
				GCC_WARN_ABOUT_RETURN_TYPE = YES_ERROR;
				GCC_WARN_UNDECLARED_SELECTOR = YES;
				GCC_WARN_UNINITIALIZED_AUTOS = YES_AGGRESSIVE;
				GCC_WARN_UNUSED_FUNCTION = YES;
				GCC_WARN_UNUSED_VARIABLE = YES;
				IPHONEOS_DEPLOYMENT_TARGET = 9.3;
				MTL_ENABLE_DEBUG_INFO = NO;
				SDKROOT = iphoneos;
				VALIDATE_PRODUCT = YES;
			};
			name = Release;
		};
		E0897FDA1CF0625E00D3DDC8 /* Debug */ = {
			isa = XCBuildConfiguration;
			buildSettings = {
				ASSETCATALOG_COMPILER_APPICON_NAME = AppIcon;
				INFOPLIST_FILE = TipCalculator/Info.plist;
				LD_RUNPATH_SEARCH_PATHS = "$(inherited) @executable_path/Frameworks";
				PRODUCT_BUNDLE_IDENTIFIER = com.lamtt.app.TipCalculator;
				PRODUCT_NAME = "$(TARGET_NAME)";
			};
			name = Debug;
		};
		E0897FDB1CF0625E00D3DDC8 /* Release */ = {
			isa = XCBuildConfiguration;
			buildSettings = {
				ASSETCATALOG_COMPILER_APPICON_NAME = AppIcon;
				INFOPLIST_FILE = TipCalculator/Info.plist;
				LD_RUNPATH_SEARCH_PATHS = "$(inherited) @executable_path/Frameworks";
				PRODUCT_BUNDLE_IDENTIFIER = com.lamtt.app.TipCalculator;
				PRODUCT_NAME = "$(TARGET_NAME)";
			};
			name = Release;
		};
/* End XCBuildConfiguration section */

/* Begin XCConfigurationList section */
		E0897FC21CF0625D00D3DDC8 /* Build configuration list for PBXProject "TipCalculator" */ = {
			isa = XCConfigurationList;
			buildConfigurations = (
				E0897FD71CF0625E00D3DDC8 /* Debug */,
				E0897FD81CF0625E00D3DDC8 /* Release */,
			);
			defaultConfigurationIsVisible = 0;
			defaultConfigurationName = Release;
		};
		E0897FD91CF0625E00D3DDC8 /* Build configuration list for PBXNativeTarget "TipCalculator" */ = {
			isa = XCConfigurationList;
			buildConfigurations = (
				E0897FDA1CF0625E00D3DDC8 /* Debug */,
				E0897FDB1CF0625E00D3DDC8 /* Release */,
			);
			defaultConfigurationIsVisible = 0;
		};
/* End XCConfigurationList section */
	};
	rootObject = E0897FBF1CF0625D00D3DDC8 /* Project object */;
}
